
Microsoft Visual Studio Solution File, Format Version 12.00
Project("{FAE04EC0-301F-11D3-BF4B-00C04F79EFBC}") = "VidobuLiveChat", "VidobuLiveChat\VidobuLiveChat.csproj", "{2C736266-D33A-44AB-B062-51D562B4E538}"
EndProject
Project("{FAE04EC0-301F-11D3-BF4B-00C04F79EFBC}") = "VidobuLiveChat.Client", "VidobuLiveChat.Client\VidobuLiveChat.Client.csproj", "{E370F0C6-B945-4580-A338-8262E712E54C}"
EndProject
Global
	GlobalSection(SolutionConfigurationPlatforms) = preSolution
		Debug|Any CPU = Debug|Any CPU
		Release|Any CPU = Release|Any CPU
	EndGlobalSection
	GlobalSection(ProjectConfigurationPlatforms) = postSolution
		{2C736266-D33A-44AB-B062-51D562B4E538}.Debug|Any CPU.ActiveCfg = Debug|Any CPU
		{2C736266-D33A-44AB-B062-51D562B4E538}.Debug|Any CPU.Build.0 = Debug|Any CPU
		{2C736266-D33A-44AB-B062-51D562B4E538}.Release|Any CPU.ActiveCfg = Release|Any CPU
		{2C736266-D33A-44AB-B062-51D562B4E538}.Release|Any CPU.Build.0 = Release|Any CPU
		{C152A69E-001B-4DA4-AC83-ED0E9E711823}.Debug|Any CPU.ActiveCfg = Debug|Any CPU
		{C152A69E-001B-4DA4-AC83-ED0E9E711823}.Debug|Any CPU.Build.0 = Debug|Any CPU
		{C152A69E-001B-4DA4-AC83-ED0E9E711823}.Release|Any CPU.ActiveCfg = Release|Any CPU
		{C152A69E-001B-4DA4-AC83-ED0E9E711823}.Release|Any CPU.Build.0 = Release|Any CPU
		{E370F0C6-B945-4580-A338-8262E712E54C}.Debug|Any CPU.ActiveCfg = Debug|Any CPU
		{E370F0C6-B945-4580-A338-8262E712E54C}.Debug|Any CPU.Build.0 = Debug|Any CPU
		{E370F0C6-B945-4580-A338-8262E712E54C}.Release|Any CPU.ActiveCfg = Release|Any CPU
		{E370F0C6-B945-4580-A338-8262E712E54C}.Release|Any CPU.Build.0 = Release|Any CPU
	EndGlobalSection
EndGlobal
